
Microsoft Visual Studio Solution File, Format Version 12.00
# Visual Studio Version 18
VisualStudioVersion = 18.6.11819.183 stable
MinimumVisualStudioVersion = 10.0.40219.1
Project("{FAE04EC0-301F-11D3-BF4B-00C04F79EFBC}") = "MetalGearSpriteMover", "MetalGearSpriteMover.csproj", "{379B8436-6B95-525C-B4C8-B0D148F5E510}"
EndProject
Global
	GlobalSection(SolutionConfigurationPlatforms) = preSolution
		Debug|Any CPU = Debug|Any CPU
		Release|Any CPU = Release|Any CPU
	EndGlobalSection
	GlobalSection(ProjectConfigurationPlatforms) = postSolution
		{379B8436-6B95-525C-B4C8-B0D148F5E510}.Debug|Any CPU.ActiveCfg = Debug|Any CPU
		{379B8436-6B95-525C-B4C8-B0D148F5E510}.Debug|Any CPU.Build.0 = Debug|Any CPU
		{379B8436-6B95-525C-B4C8-B0D148F5E510}.Release|Any CPU.ActiveCfg = Release|Any CPU
		{379B8436-6B95-525C-B4C8-B0D148F5E510}.Release|Any CPU.Build.0 = Release|Any CPU
	EndGlobalSection
	GlobalSection(SolutionProperties) = preSolution
		HideSolutionNode = FALSE
	EndGlobalSection
	GlobalSection(ExtensibilityGlobals) = postSolution
		SolutionGuid = {69E1AC28-49B9-4CD6-A80B-C427E185D511}
	EndGlobalSection
EndGlobal
