
Microsoft Visual Studio Solution File, Format Version 12.00
# Visual Studio Version 18
VisualStudioVersion = 18.6.11819.183 stable
MinimumVisualStudioVersion = 10.0.40219.1
Project("{FAE04EC0-301F-11D3-BF4B-00C04F79EFBC}") = "MetalGearGfxViewer", "MetalGearGfxViewer.csproj", "{27148CA1-E814-117D-99E9-14546CD6E74A}"
EndProject
Global
	GlobalSection(SolutionConfigurationPlatforms) = preSolution
		Debug|Any CPU = Debug|Any CPU
		Release|Any CPU = Release|Any CPU
	EndGlobalSection
	GlobalSection(ProjectConfigurationPlatforms) = postSolution
		{27148CA1-E814-117D-99E9-14546CD6E74A}.Debug|Any CPU.ActiveCfg = Debug|Any CPU
		{27148CA1-E814-117D-99E9-14546CD6E74A}.Debug|Any CPU.Build.0 = Debug|Any CPU
		{27148CA1-E814-117D-99E9-14546CD6E74A}.Release|Any CPU.ActiveCfg = Release|Any CPU
		{27148CA1-E814-117D-99E9-14546CD6E74A}.Release|Any CPU.Build.0 = Release|Any CPU
	EndGlobalSection
	GlobalSection(SolutionProperties) = preSolution
		HideSolutionNode = FALSE
	EndGlobalSection
	GlobalSection(ExtensibilityGlobals) = postSolution
		SolutionGuid = {20AF317B-A651-4107-AFF9-0B586B2D26B3}
	EndGlobalSection
EndGlobal
